
Microsoft Visual Studio Solution File, Format Version 12.00
# Visual Studio Version 17
VisualStudioVersion = 17.0.31903.59
MinimumVisualStudioVersion = 10.0.40219.1
Project("{2150E333-8FDC-42A3-9474-1A3956D46DE8}") = "src", "src", "{827E0CD3-B72D-47B6-A68D-7590B98EB39B}"
EndProject
Project("{FAE04EC0-301F-11D3-BF4B-00C04F79EFBC}") = "XamlToCSharpGenerator.Core", "src\XamlToCSharpGenerator.Core\XamlToCSharpGenerator.Core.csproj", "{2F1A53B0-4B4B-49B6-931F-486E5D8026B6}"
EndProject
Project("{FAE04EC0-301F-11D3-BF4B-00C04F79EFBC}") = "XamlToCSharpGenerator.Avalonia", "src\XamlToCSharpGenerator.Avalonia\XamlToCSharpGenerator.Avalonia.csproj", "{469E927F-6557-479B-BA79-C79317B15593}"
EndProject
Project("{FAE04EC0-301F-11D3-BF4B-00C04F79EFBC}") = "XamlToCSharpGenerator.Generator", "src\XamlToCSharpGenerator.Generator\XamlToCSharpGenerator.Generator.csproj", "{046BDA9C-8231-4D5C-9B37-79A2BAE30798}"
EndProject
Project("{FAE04EC0-301F-11D3-BF4B-00C04F79EFBC}") = "XamlToCSharpGenerator.Runtime", "src\XamlToCSharpGenerator.Runtime\XamlToCSharpGenerator.Runtime.csproj", "{534B5DDF-13CF-456A-AAE1-837C646299C5}"
EndProject
Project("{FAE04EC0-301F-11D3-BF4B-00C04F79EFBC}") = "XamlToCSharpGenerator.Build", "src\XamlToCSharpGenerator.Build\XamlToCSharpGenerator.Build.csproj", "{733EB9CA-A46D-4455-AA24-4E9A39053DA6}"
EndProject
Project("{2150E333-8FDC-42A3-9474-1A3956D46DE8}") = "tests", "tests", "{0AB3BF05-4346-4AA6-1389-037BE0695223}"
EndProject
Project("{FAE04EC0-301F-11D3-BF4B-00C04F79EFBC}") = "XamlToCSharpGenerator.Tests", "tests\XamlToCSharpGenerator.Tests\XamlToCSharpGenerator.Tests.csproj", "{0844778B-B54F-4ACC-BA20-00980E2E5816}"
EndProject
Project("{2150E333-8FDC-42A3-9474-1A3956D46DE8}") = "samples", "samples", "{5D20AA90-6969-D8BD-9DCD-8634F4692FDA}"
EndProject
Project("{FAE04EC0-301F-11D3-BF4B-00C04F79EFBC}") = "SourceGenCrudSample", "samples\SourceGenCrudSample\SourceGenCrudSample.csproj", "{EDC44530-1BFE-4EE0-B404-FEA49FA1F4B4}"
EndProject
Project("{FAE04EC0-301F-11D3-BF4B-00C04F79EFBC}") = "XamlToCSharpGenerator", "src\XamlToCSharpGenerator\XamlToCSharpGenerator.csproj", "{01E5556B-F7E2-4D0F-929B-8D721DD4C339}"
EndProject
Project("{FAE04EC0-301F-11D3-BF4B-00C04F79EFBC}") = "SourceGenXamlCatalogSample", "samples\SourceGenXamlCatalogSample\SourceGenXamlCatalogSample.csproj", "{D0A58A93-C5FA-45D9-909F-C183DF575FF7}"
EndProject
Project("{FAE04EC0-301F-11D3-BF4B-00C04F79EFBC}") = "Avalonia.Themes.Fluent", "samples\Avalonia.Themes.Fluent\Avalonia.Themes.Fluent.csproj", "{A2D952B5-3D91-4212-AA94-E973E07BC832}"
EndProject
Project("{FAE04EC0-301F-11D3-BF4B-00C04F79EFBC}") = "XamlToCSharpGenerator.Framework.Abstractions", "src\XamlToCSharpGenerator.Framework.Abstractions\XamlToCSharpGenerator.Framework.Abstractions.csproj", "{F3B592E5-1D70-45B9-9078-8C9D0458864C}"
EndProject
Project("{FAE04EC0-301F-11D3-BF4B-00C04F79EFBC}") = "XamlToCSharpGenerator.Compiler", "src\XamlToCSharpGenerator.Compiler\XamlToCSharpGenerator.Compiler.csproj", "{6DBDEDB5-CF39-4ADB-95F8-5EF1BBC33EA5}"
EndProject
Project("{FAE04EC0-301F-11D3-BF4B-00C04F79EFBC}") = "XamlToCSharpGenerator.Runtime.Core", "src\XamlToCSharpGenerator.Runtime.Core\XamlToCSharpGenerator.Runtime.Core.csproj", "{365D29CE-9120-4514-8D6D-7411EF1ED4C4}"
EndProject
Project("{FAE04EC0-301F-11D3-BF4B-00C04F79EFBC}") = "XamlToCSharpGenerator.Runtime.Avalonia", "src\XamlToCSharpGenerator.Runtime.Avalonia\XamlToCSharpGenerator.Runtime.Avalonia.csproj", "{06B81902-C8CC-41A0-8E4E-9F06C680B03D}"
EndProject
Project("{FAE04EC0-301F-11D3-BF4B-00C04F79EFBC}") = "XamlToCSharpGenerator.NoUi", "src\XamlToCSharpGenerator.NoUi\XamlToCSharpGenerator.NoUi.csproj", "{6D5DA525-B90A-4265-BB77-57DBC991EB78}"
EndProject
Project("{FAE04EC0-301F-11D3-BF4B-00C04F79EFBC}") = "NoUiFrameworkPilotSample", "samples\NoUiFrameworkPilotSample\NoUiFrameworkPilotSample.csproj", "{9105F337-C51B-4FEF-854D-EAC80A56E013}"
EndProject
Project("{FAE04EC0-301F-11D3-BF4B-00C04F79EFBC}") = "XamlToCSharpGenerator.MiniLanguageParsing", "src\XamlToCSharpGenerator.MiniLanguageParsing\XamlToCSharpGenerator.MiniLanguageParsing.csproj", "{54EBB9FE-EE10-4E54-951C-CEE7A1D7F1D6}"
EndProject
Project("{FAE04EC0-301F-11D3-BF4B-00C04F79EFBC}") = "XamlToCSharpGenerator.ExpressionSemantics", "src\XamlToCSharpGenerator.ExpressionSemantics\XamlToCSharpGenerator.ExpressionSemantics.csproj", "{51D3A222-CFA0-4D59-9639-59781D9E4C13}"
EndProject
Project("{FAE04EC0-301F-11D3-BF4B-00C04F79EFBC}") = "ControlCatalog", "samples\ControlCatalog\ControlCatalog.csproj", "{B68C739A-E9EB-4F69-BFCA-3EDA3BEE8F02}"
EndProject
Project("{FAE04EC0-301F-11D3-BF4B-00C04F79EFBC}") = "MiniMvvm", "samples\MiniMvvm\MiniMvvm.csproj", "{F15E767F-2F47-44BF-B739-CC13F32FBEC7}"
EndProject
Project("{2150E333-8FDC-42A3-9474-1A3956D46DE8}") = "SampleControls", "SampleControls", "{6C5222EF-7E1E-1A11-42FE-7246F4FFC38D}"
EndProject
Project("{FAE04EC0-301F-11D3-BF4B-00C04F79EFBC}") = "ControlSamples", "samples\SampleControls\ControlSamples.csproj", "{AE8062FE-AF03-45B7-8C8A-1A6D488B5509}"
EndProject
Project("{FAE04EC0-301F-11D3-BF4B-00C04F79EFBC}") = "ControlCatalog.Desktop", "samples\ControlCatalog.Desktop\ControlCatalog.Desktop.csproj", "{16F1081E-80E9-41F7-B097-97583C101E7A}"
EndProject
Project("{FAE04EC0-301F-11D3-BF4B-00C04F79EFBC}") = "ControlCatalog.iOS", "samples\ControlCatalog.iOS\ControlCatalog.iOS.csproj", "{5928F17E-90A4-42B8-B72D-6337B77C59A5}"
EndProject
Project("{FAE04EC0-301F-11D3-BF4B-00C04F79EFBC}") = "ControlCatalog.Android", "samples\ControlCatalog.Android\ControlCatalog.Android.csproj", "{BAAE12A2-8EBD-4C1B-8720-2E88AF585C7F}"
EndProject
Project("{FAE04EC0-301F-11D3-BF4B-00C04F79EFBC}") = "XamlToCSharpGenerator.LanguageService", "src\XamlToCSharpGenerator.LanguageService\XamlToCSharpGenerator.LanguageService.csproj", "{8779F969-BBC1-4CCC-AD03-812DCBFC687E}"
EndProject
Project("{FAE04EC0-301F-11D3-BF4B-00C04F79EFBC}") = "XamlToCSharpGenerator.LanguageServer", "src\XamlToCSharpGenerator.LanguageServer\XamlToCSharpGenerator.LanguageServer.csproj", "{7309982D-BA2D-4695-933C-B91159D77819}"
EndProject
Project("{FAE04EC0-301F-11D3-BF4B-00C04F79EFBC}") = "XamlToCSharpGenerator.Editor.Avalonia", "src\XamlToCSharpGenerator.Editor.Avalonia\XamlToCSharpGenerator.Editor.Avalonia.csproj", "{0AB7F872-4AA8-4B1A-A5D3-2F6AB6DD4B64}"
EndProject
Global
	GlobalSection(SolutionConfigurationPlatforms) = preSolution
		Debug|Any CPU = Debug|Any CPU
		Debug|x64 = Debug|x64
		Debug|x86 = Debug|x86
		Release|Any CPU = Release|Any CPU
		Release|x64 = Release|x64
		Release|x86 = Release|x86
	EndGlobalSection
	GlobalSection(ProjectConfigurationPlatforms) = postSolution
		{2F1A53B0-4B4B-49B6-931F-486E5D8026B6}.Debug|Any CPU.ActiveCfg = Debug|Any CPU
		{2F1A53B0-4B4B-49B6-931F-486E5D8026B6}.Debug|Any CPU.Build.0 = Debug|Any CPU
		{2F1A53B0-4B4B-49B6-931F-486E5D8026B6}.Debug|x64.ActiveCfg = Debug|Any CPU
		{2F1A53B0-4B4B-49B6-931F-486E5D8026B6}.Debug|x64.Build.0 = Debug|Any CPU
		{2F1A53B0-4B4B-49B6-931F-486E5D8026B6}.Debug|x86.ActiveCfg = Debug|Any CPU
		{2F1A53B0-4B4B-49B6-931F-486E5D8026B6}.Debug|x86.Build.0 = Debug|Any CPU
		{2F1A53B0-4B4B-49B6-931F-486E5D8026B6}.Release|Any CPU.ActiveCfg = Release|Any CPU
		{2F1A53B0-4B4B-49B6-931F-486E5D8026B6}.Release|Any CPU.Build.0 = Release|Any CPU
		{2F1A53B0-4B4B-49B6-931F-486E5D8026B6}.Release|x64.ActiveCfg = Release|Any CPU
		{2F1A53B0-4B4B-49B6-931F-486E5D8026B6}.Release|x64.Build.0 = Release|Any CPU
		{2F1A53B0-4B4B-49B6-931F-486E5D8026B6}.Release|x86.ActiveCfg = Release|Any CPU
		{2F1A53B0-4B4B-49B6-931F-486E5D8026B6}.Release|x86.Build.0 = Release|Any CPU
		{469E927F-6557-479B-BA79-C79317B15593}.Debug|Any CPU.ActiveCfg = Debug|Any CPU
		{469E927F-6557-479B-BA79-C79317B15593}.Debug|Any CPU.Build.0 = Debug|Any CPU
		{469E927F-6557-479B-BA79-C79317B15593}.Debug|x64.ActiveCfg = Debug|Any CPU
		{469E927F-6557-479B-BA79-C79317B15593}.Debug|x64.Build.0 = Debug|Any CPU
		{469E927F-6557-479B-BA79-C79317B15593}.Debug|x86.ActiveCfg = Debug|Any CPU
		{469E927F-6557-479B-BA79-C79317B15593}.Debug|x86.Build.0 = Debug|Any CPU
		{469E927F-6557-479B-BA79-C79317B15593}.Release|Any CPU.ActiveCfg = Release|Any CPU
		{469E927F-6557-479B-BA79-C79317B15593}.Release|Any CPU.Build.0 = Release|Any CPU
		{469E927F-6557-479B-BA79-C79317B15593}.Release|x64.ActiveCfg = Release|Any CPU
		{469E927F-6557-479B-BA79-C79317B15593}.Release|x64.Build.0 = Release|Any CPU
		{469E927F-6557-479B-BA79-C79317B15593}.Release|x86.ActiveCfg = Release|Any CPU
		{469E927F-6557-479B-BA79-C79317B15593}.Release|x86.Build.0 = Release|Any CPU
		{046BDA9C-8231-4D5C-9B37-79A2BAE30798}.Debug|Any CPU.ActiveCfg = Debug|Any CPU
		{046BDA9C-8231-4D5C-9B37-79A2BAE30798}.Debug|Any CPU.Build.0 = Debug|Any CPU
		{046BDA9C-8231-4D5C-9B37-79A2BAE30798}.Debug|x64.ActiveCfg = Debug|Any CPU
		{046BDA9C-8231-4D5C-9B37-79A2BAE30798}.Debug|x64.Build.0 = Debug|Any CPU
		{046BDA9C-8231-4D5C-9B37-79A2BAE30798}.Debug|x86.ActiveCfg = Debug|Any CPU
		{046BDA9C-8231-4D5C-9B37-79A2BAE30798}.Debug|x86.Build.0 = Debug|Any CPU
		{046BDA9C-8231-4D5C-9B37-79A2BAE30798}.Release|Any CPU.ActiveCfg = Release|Any CPU
		{046BDA9C-8231-4D5C-9B37-79A2BAE30798}.Release|Any CPU.Build.0 = Release|Any CPU
		{046BDA9C-8231-4D5C-9B37-79A2BAE30798}.Release|x64.ActiveCfg = Release|Any CPU
		{046BDA9C-8231-4D5C-9B37-79A2BAE30798}.Release|x64.Build.0 = Release|Any CPU
		{046BDA9C-8231-4D5C-9B37-79A2BAE30798}.Release|x86.ActiveCfg = Release|Any CPU
		{046BDA9C-8231-4D5C-9B37-79A2BAE30798}.Release|x86.Build.0 = Release|Any CPU
		{534B5DDF-13CF-456A-AAE1-837C646299C5}.Debug|Any CPU.ActiveCfg = Debug|Any CPU
		{534B5DDF-13CF-456A-AAE1-837C646299C5}.Debug|Any CPU.Build.0 = Debug|Any CPU
		{534B5DDF-13CF-456A-AAE1-837C646299C5}.Debug|x64.ActiveCfg = Debug|Any CPU
		{534B5DDF-13CF-456A-AAE1-837C646299C5}.Debug|x64.Build.0 = Debug|Any CPU
		{534B5DDF-13CF-456A-AAE1-837C646299C5}.Debug|x86.ActiveCfg = Debug|Any CPU
		{534B5DDF-13CF-456A-AAE1-837C646299C5}.Debug|x86.Build.0 = Debug|Any CPU
		{534B5DDF-13CF-456A-AAE1-837C646299C5}.Release|Any CPU.ActiveCfg = Release|Any CPU
		{534B5DDF-13CF-456A-AAE1-837C646299C5}.Release|Any CPU.Build.0 = Release|Any CPU
		{534B5DDF-13CF-456A-AAE1-837C646299C5}.Release|x64.ActiveCfg = Release|Any CPU
		{534B5DDF-13CF-456A-AAE1-837C646299C5}.Release|x64.Build.0 = Release|Any CPU
		{534B5DDF-13CF-456A-AAE1-837C646299C5}.Release|x86.ActiveCfg = Release|Any CPU
		{534B5DDF-13CF-456A-AAE1-837C646299C5}.Release|x86.Build.0 = Release|Any CPU
		{733EB9CA-A46D-4455-AA24-4E9A39053DA6}.Debug|Any CPU.ActiveCfg = Debug|Any CPU
		{733EB9CA-A46D-4455-AA24-4E9A39053DA6}.Debug|Any CPU.Build.0 = Debug|Any CPU
		{733EB9CA-A46D-4455-AA24-4E9A39053DA6}.Debug|x64.ActiveCfg = Debug|Any CPU
		{733EB9CA-A46D-4455-AA24-4E9A39053DA6}.Debug|x64.Build.0 = Debug|Any CPU
		{733EB9CA-A46D-4455-AA24-4E9A39053DA6}.Debug|x86.ActiveCfg = Debug|Any CPU
		{733EB9CA-A46D-4455-AA24-4E9A39053DA6}.Debug|x86.Build.0 = Debug|Any CPU
		{733EB9CA-A46D-4455-AA24-4E9A39053DA6}.Release|Any CPU.ActiveCfg = Release|Any CPU
		{733EB9CA-A46D-4455-AA24-4E9A39053DA6}.Release|Any CPU.Build.0 = Release|Any CPU
		{733EB9CA-A46D-4455-AA24-4E9A39053DA6}.Release|x64.ActiveCfg = Release|Any CPU
		{733EB9CA-A46D-4455-AA24-4E9A39053DA6}.Release|x64.Build.0 = Release|Any CPU
		{733EB9CA-A46D-4455-AA24-4E9A39053DA6}.Release|x86.ActiveCfg = Release|Any CPU
		{733EB9CA-A46D-4455-AA24-4E9A39053DA6}.Release|x86.Build.0 = Release|Any CPU
		{0844778B-B54F-4ACC-BA20-00980E2E5816}.Debug|Any CPU.ActiveCfg = Debug|Any CPU
		{0844778B-B54F-4ACC-BA20-00980E2E5816}.Debug|Any CPU.Build.0 = Debug|Any CPU
		{0844778B-B54F-4ACC-BA20-00980E2E5816}.Debug|x64.ActiveCfg = Debug|Any CPU
		{0844778B-B54F-4ACC-BA20-00980E2E5816}.Debug|x64.Build.0 = Debug|Any CPU
		{0844778B-B54F-4ACC-BA20-00980E2E5816}.Debug|x86.ActiveCfg = Debug|Any CPU
		{0844778B-B54F-4ACC-BA20-00980E2E5816}.Debug|x86.Build.0 = Debug|Any CPU
		{0844778B-B54F-4ACC-BA20-00980E2E5816}.Release|Any CPU.ActiveCfg = Release|Any CPU
		{0844778B-B54F-4ACC-BA20-00980E2E5816}.Release|Any CPU.Build.0 = Release|Any CPU
		{0844778B-B54F-4ACC-BA20-00980E2E5816}.Release|x64.ActiveCfg = Release|Any CPU
		{0844778B-B54F-4ACC-BA20-00980E2E5816}.Release|x64.Build.0 = Release|Any CPU
		{0844778B-B54F-4ACC-BA20-00980E2E5816}.Release|x86.ActiveCfg = Release|Any CPU
		{0844778B-B54F-4ACC-BA20-00980E2E5816}.Release|x86.Build.0 = Release|Any CPU
		{EDC44530-1BFE-4EE0-B404-FEA49FA1F4B4}.Debug|Any CPU.ActiveCfg = Debug|Any CPU
		{EDC44530-1BFE-4EE0-B404-FEA49FA1F4B4}.Debug|Any CPU.Build.0 = Debug|Any CPU
		{EDC44530-1BFE-4EE0-B404-FEA49FA1F4B4}.Debug|x64.ActiveCfg = Debug|Any CPU
		{EDC44530-1BFE-4EE0-B404-FEA49FA1F4B4}.Debug|x64.Build.0 = Debug|Any CPU
		{EDC44530-1BFE-4EE0-B404-FEA49FA1F4B4}.Debug|x86.ActiveCfg = Debug|Any CPU
		{EDC44530-1BFE-4EE0-B404-FEA49FA1F4B4}.Debug|x86.Build.0 = Debug|Any CPU
		{EDC44530-1BFE-4EE0-B404-FEA49FA1F4B4}.Release|Any CPU.ActiveCfg = Release|Any CPU
		{EDC44530-1BFE-4EE0-B404-FEA49FA1F4B4}.Release|Any CPU.Build.0 = Release|Any CPU
		{EDC44530-1BFE-4EE0-B404-FEA49FA1F4B4}.Release|x64.ActiveCfg = Release|Any CPU
		{EDC44530-1BFE-4EE0-B404-FEA49FA1F4B4}.Release|x64.Build.0 = Release|Any CPU
		{EDC44530-1BFE-4EE0-B404-FEA49FA1F4B4}.Release|x86.ActiveCfg = Release|Any CPU
		{EDC44530-1BFE-4EE0-B404-FEA49FA1F4B4}.Release|x86.Build.0 = Release|Any CPU
		{01E5556B-F7E2-4D0F-929B-8D721DD4C339}.Debug|Any CPU.ActiveCfg = Debug|Any CPU
		{01E5556B-F7E2-4D0F-929B-8D721DD4C339}.Debug|Any CPU.Build.0 = Debug|Any CPU
		{01E5556B-F7E2-4D0F-929B-8D721DD4C339}.Debug|x64.ActiveCfg = Debug|Any CPU
		{01E5556B-F7E2-4D0F-929B-8D721DD4C339}.Debug|x64.Build.0 = Debug|Any CPU
		{01E5556B-F7E2-4D0F-929B-8D721DD4C339}.Debug|x86.ActiveCfg = Debug|Any CPU
		{01E5556B-F7E2-4D0F-929B-8D721DD4C339}.Debug|x86.Build.0 = Debug|Any CPU
		{01E5556B-F7E2-4D0F-929B-8D721DD4C339}.Release|Any CPU.ActiveCfg = Release|Any CPU
		{01E5556B-F7E2-4D0F-929B-8D721DD4C339}.Release|Any CPU.Build.0 = Release|Any CPU
		{01E5556B-F7E2-4D0F-929B-8D721DD4C339}.Release|x64.ActiveCfg = Release|Any CPU
		{01E5556B-F7E2-4D0F-929B-8D721DD4C339}.Release|x64.Build.0 = Release|Any CPU
		{01E5556B-F7E2-4D0F-929B-8D721DD4C339}.Release|x86.ActiveCfg = Release|Any CPU
		{01E5556B-F7E2-4D0F-929B-8D721DD4C339}.Release|x86.Build.0 = Release|Any CPU
		{D0A58A93-C5FA-45D9-909F-C183DF575FF7}.Debug|Any CPU.ActiveCfg = Debug|Any CPU
		{D0A58A93-C5FA-45D9-909F-C183DF575FF7}.Debug|Any CPU.Build.0 = Debug|Any CPU
		{D0A58A93-C5FA-45D9-909F-C183DF575FF7}.Debug|x64.ActiveCfg = Debug|Any CPU
		{D0A58A93-C5FA-45D9-909F-C183DF575FF7}.Debug|x64.Build.0 = Debug|Any CPU
		{D0A58A93-C5FA-45D9-909F-C183DF575FF7}.Debug|x86.ActiveCfg = Debug|Any CPU
		{D0A58A93-C5FA-45D9-909F-C183DF575FF7}.Debug|x86.Build.0 = Debug|Any CPU
		{D0A58A93-C5FA-45D9-909F-C183DF575FF7}.Release|Any CPU.ActiveCfg = Release|Any CPU
		{D0A58A93-C5FA-45D9-909F-C183DF575FF7}.Release|Any CPU.Build.0 = Release|Any CPU
		{D0A58A93-C5FA-45D9-909F-C183DF575FF7}.Release|x64.ActiveCfg = Release|Any CPU
		{D0A58A93-C5FA-45D9-909F-C183DF575FF7}.Release|x64.Build.0 = Release|Any CPU
		{D0A58A93-C5FA-45D9-909F-C183DF575FF7}.Release|x86.ActiveCfg = Release|Any CPU
		{D0A58A93-C5FA-45D9-909F-C183DF575FF7}.Release|x86.Build.0 = Release|Any CPU
		{A2D952B5-3D91-4212-AA94-E973E07BC832}.Debug|Any CPU.ActiveCfg = Debug|Any CPU
		{A2D952B5-3D91-4212-AA94-E973E07BC832}.Debug|Any CPU.Build.0 = Debug|Any CPU
		{A2D952B5-3D91-4212-AA94-E973E07BC832}.Debug|x64.ActiveCfg = Debug|Any CPU
		{A2D952B5-3D91-4212-AA94-E973E07BC832}.Debug|x64.Build.0 = Debug|Any CPU
		{A2D952B5-3D91-4212-AA94-E973E07BC832}.Debug|x86.ActiveCfg = Debug|Any CPU
		{A2D952B5-3D91-4212-AA94-E973E07BC832}.Debug|x86.Build.0 = Debug|Any CPU
		{A2D952B5-3D91-4212-AA94-E973E07BC832}.Release|Any CPU.ActiveCfg = Release|Any CPU
		{A2D952B5-3D91-4212-AA94-E973E07BC832}.Release|Any CPU.Build.0 = Release|Any CPU
		{A2D952B5-3D91-4212-AA94-E973E07BC832}.Release|x64.ActiveCfg = Release|Any CPU
		{A2D952B5-3D91-4212-AA94-E973E07BC832}.Release|x64.Build.0 = Release|Any CPU
		{A2D952B5-3D91-4212-AA94-E973E07BC832}.Release|x86.ActiveCfg = Release|Any CPU
		{A2D952B5-3D91-4212-AA94-E973E07BC832}.Release|x86.Build.0 = Release|Any CPU
		{F3B592E5-1D70-45B9-9078-8C9D0458864C}.Debug|Any CPU.ActiveCfg = Debug|Any CPU
		{F3B592E5-1D70-45B9-9078-8C9D0458864C}.Debug|Any CPU.Build.0 = Debug|Any CPU
		{F3B592E5-1D70-45B9-9078-8C9D0458864C}.Debug|x64.ActiveCfg = Debug|Any CPU
		{F3B592E5-1D70-45B9-9078-8C9D0458864C}.Debug|x64.Build.0 = Debug|Any CPU
		{F3B592E5-1D70-45B9-9078-8C9D0458864C}.Debug|x86.ActiveCfg = Debug|Any CPU
		{F3B592E5-1D70-45B9-9078-8C9D0458864C}.Debug|x86.Build.0 = Debug|Any CPU
		{F3B592E5-1D70-45B9-9078-8C9D0458864C}.Release|Any CPU.ActiveCfg = Release|Any CPU
		{F3B592E5-1D70-45B9-9078-8C9D0458864C}.Release|Any CPU.Build.0 = Release|Any CPU
		{F3B592E5-1D70-45B9-9078-8C9D0458864C}.Release|x64.ActiveCfg = Release|Any CPU
		{F3B592E5-1D70-45B9-9078-8C9D0458864C}.Release|x64.Build.0 = Release|Any CPU
		{F3B592E5-1D70-45B9-9078-8C9D0458864C}.Release|x86.ActiveCfg = Release|Any CPU
		{F3B592E5-1D70-45B9-9078-8C9D0458864C}.Release|x86.Build.0 = Release|Any CPU
		{6DBDEDB5-CF39-4ADB-95F8-5EF1BBC33EA5}.Debug|Any CPU.ActiveCfg = Debug|Any CPU
		{6DBDEDB5-CF39-4ADB-95F8-5EF1BBC33EA5}.Debug|Any CPU.Build.0 = Debug|Any CPU
		{6DBDEDB5-CF39-4ADB-95F8-5EF1BBC33EA5}.Debug|x64.ActiveCfg = Debug|Any CPU
		{6DBDEDB5-CF39-4ADB-95F8-5EF1BBC33EA5}.Debug|x64.Build.0 = Debug|Any CPU
		{6DBDEDB5-CF39-4ADB-95F8-5EF1BBC33EA5}.Debug|x86.ActiveCfg = Debug|Any CPU
		{6DBDEDB5-CF39-4ADB-95F8-5EF1BBC33EA5}.Debug|x86.Build.0 = Debug|Any CPU
		{6DBDEDB5-CF39-4ADB-95F8-5EF1BBC33EA5}.Release|Any CPU.ActiveCfg = Release|Any CPU
		{6DBDEDB5-CF39-4ADB-95F8-5EF1BBC33EA5}.Release|Any CPU.Build.0 = Release|Any CPU
		{6DBDEDB5-CF39-4ADB-95F8-5EF1BBC33EA5}.Release|x64.ActiveCfg = Release|Any CPU
		{6DBDEDB5-CF39-4ADB-95F8-5EF1BBC33EA5}.Release|x64.Build.0 = Release|Any CPU
		{6DBDEDB5-CF39-4ADB-95F8-5EF1BBC33EA5}.Release|x86.ActiveCfg = Release|Any CPU
		{6DBDEDB5-CF39-4ADB-95F8-5EF1BBC33EA5}.Release|x86.Build.0 = Release|Any CPU
		{365D29CE-9120-4514-8D6D-7411EF1ED4C4}.Debug|Any CPU.ActiveCfg = Debug|Any CPU
		{365D29CE-9120-4514-8D6D-7411EF1ED4C4}.Debug|Any CPU.Build.0 = Debug|Any CPU
		{365D29CE-9120-4514-8D6D-7411EF1ED4C4}.Debug|x64.ActiveCfg = Debug|Any CPU
		{365D29CE-9120-4514-8D6D-7411EF1ED4C4}.Debug|x64.Build.0 = Debug|Any CPU
		{365D29CE-9120-4514-8D6D-7411EF1ED4C4}.Debug|x86.ActiveCfg = Debug|Any CPU
		{365D29CE-9120-4514-8D6D-7411EF1ED4C4}.Debug|x86.Build.0 = Debug|Any CPU
		{365D29CE-9120-4514-8D6D-7411EF1ED4C4}.Release|Any CPU.ActiveCfg = Release|Any CPU
		{365D29CE-9120-4514-8D6D-7411EF1ED4C4}.Release|Any CPU.Build.0 = Release|Any CPU
		{365D29CE-9120-4514-8D6D-7411EF1ED4C4}.Release|x64.ActiveCfg = Release|Any CPU
		{365D29CE-9120-4514-8D6D-7411EF1ED4C4}.Release|x64.Build.0 = Release|Any CPU
		{365D29CE-9120-4514-8D6D-7411EF1ED4C4}.Release|x86.ActiveCfg = Release|Any CPU
		{365D29CE-9120-4514-8D6D-7411EF1ED4C4}.Release|x86.Build.0 = Release|Any CPU
		{06B81902-C8CC-41A0-8E4E-9F06C680B03D}.Debug|Any CPU.ActiveCfg = Debug|Any CPU
		{06B81902-C8CC-41A0-8E4E-9F06C680B03D}.Debug|Any CPU.Build.0 = Debug|Any CPU
		{06B81902-C8CC-41A0-8E4E-9F06C680B03D}.Debug|x64.ActiveCfg = Debug|Any CPU
		{06B81902-C8CC-41A0-8E4E-9F06C680B03D}.Debug|x64.Build.0 = Debug|Any CPU
		{06B81902-C8CC-41A0-8E4E-9F06C680B03D}.Debug|x86.ActiveCfg = Debug|Any CPU
		{06B81902-C8CC-41A0-8E4E-9F06C680B03D}.Debug|x86.Build.0 = Debug|Any CPU
		{06B81902-C8CC-41A0-8E4E-9F06C680B03D}.Release|Any CPU.ActiveCfg = Release|Any CPU
		{06B81902-C8CC-41A0-8E4E-9F06C680B03D}.Release|Any CPU.Build.0 = Release|Any CPU
		{06B81902-C8CC-41A0-8E4E-9F06C680B03D}.Release|x64.ActiveCfg = Release|Any CPU
		{06B81902-C8CC-41A0-8E4E-9F06C680B03D}.Release|x64.Build.0 = Release|Any CPU
		{06B81902-C8CC-41A0-8E4E-9F06C680B03D}.Release|x86.ActiveCfg = Release|Any CPU
		{06B81902-C8CC-41A0-8E4E-9F06C680B03D}.Release|x86.Build.0 = Release|Any CPU
		{6D5DA525-B90A-4265-BB77-57DBC991EB78}.Debug|Any CPU.ActiveCfg = Debug|Any CPU
		{6D5DA525-B90A-4265-BB77-57DBC991EB78}.Debug|Any CPU.Build.0 = Debug|Any CPU
		{6D5DA525-B90A-4265-BB77-57DBC991EB78}.Debug|x64.ActiveCfg = Debug|Any CPU
		{6D5DA525-B90A-4265-BB77-57DBC991EB78}.Debug|x64.Build.0 = Debug|Any CPU
		{6D5DA525-B90A-4265-BB77-57DBC991EB78}.Debug|x86.ActiveCfg = Debug|Any CPU
		{6D5DA525-B90A-4265-BB77-57DBC991EB78}.Debug|x86.Build.0 = Debug|Any CPU
		{6D5DA525-B90A-4265-BB77-57DBC991EB78}.Release|Any CPU.ActiveCfg = Release|Any CPU
		{6D5DA525-B90A-4265-BB77-57DBC991EB78}.Release|Any CPU.Build.0 = Release|Any CPU
		{6D5DA525-B90A-4265-BB77-57DBC991EB78}.Release|x64.ActiveCfg = Release|Any CPU
		{6D5DA525-B90A-4265-BB77-57DBC991EB78}.Release|x64.Build.0 = Release|Any CPU
		{6D5DA525-B90A-4265-BB77-57DBC991EB78}.Release|x86.ActiveCfg = Release|Any CPU
		{6D5DA525-B90A-4265-BB77-57DBC991EB78}.Release|x86.Build.0 = Release|Any CPU
		{9105F337-C51B-4FEF-854D-EAC80A56E013}.Debug|Any CPU.ActiveCfg = Debug|Any CPU
		{9105F337-C51B-4FEF-854D-EAC80A56E013}.Debug|Any CPU.Build.0 = Debug|Any CPU
		{9105F337-C51B-4FEF-854D-EAC80A56E013}.Debug|x64.ActiveCfg = Debug|Any CPU
		{9105F337-C51B-4FEF-854D-EAC80A56E013}.Debug|x64.Build.0 = Debug|Any CPU
		{9105F337-C51B-4FEF-854D-EAC80A56E013}.Debug|x86.ActiveCfg = Debug|Any CPU
		{9105F337-C51B-4FEF-854D-EAC80A56E013}.Debug|x86.Build.0 = Debug|Any CPU
		{9105F337-C51B-4FEF-854D-EAC80A56E013}.Release|Any CPU.ActiveCfg = Release|Any CPU
		{9105F337-C51B-4FEF-854D-EAC80A56E013}.Release|Any CPU.Build.0 = Release|Any CPU
		{9105F337-C51B-4FEF-854D-EAC80A56E013}.Release|x64.ActiveCfg = Release|Any CPU
		{9105F337-C51B-4FEF-854D-EAC80A56E013}.Release|x64.Build.0 = Release|Any CPU
		{9105F337-C51B-4FEF-854D-EAC80A56E013}.Release|x86.ActiveCfg = Release|Any CPU
		{9105F337-C51B-4FEF-854D-EAC80A56E013}.Release|x86.Build.0 = Release|Any CPU
		{54EBB9FE-EE10-4E54-951C-CEE7A1D7F1D6}.Debug|Any CPU.ActiveCfg = Debug|Any CPU
		{54EBB9FE-EE10-4E54-951C-CEE7A1D7F1D6}.Debug|Any CPU.Build.0 = Debug|Any CPU
		{54EBB9FE-EE10-4E54-951C-CEE7A1D7F1D6}.Debug|x64.ActiveCfg = Debug|Any CPU
		{54EBB9FE-EE10-4E54-951C-CEE7A1D7F1D6}.Debug|x64.Build.0 = Debug|Any CPU
		{54EBB9FE-EE10-4E54-951C-CEE7A1D7F1D6}.Debug|x86.ActiveCfg = Debug|Any CPU
		{54EBB9FE-EE10-4E54-951C-CEE7A1D7F1D6}.Debug|x86.Build.0 = Debug|Any CPU
		{54EBB9FE-EE10-4E54-951C-CEE7A1D7F1D6}.Release|Any CPU.ActiveCfg = Release|Any CPU
		{54EBB9FE-EE10-4E54-951C-CEE7A1D7F1D6}.Release|Any CPU.Build.0 = Release|Any CPU
		{54EBB9FE-EE10-4E54-951C-CEE7A1D7F1D6}.Release|x64.ActiveCfg = Release|Any CPU
		{54EBB9FE-EE10-4E54-951C-CEE7A1D7F1D6}.Release|x64.Build.0 = Release|Any CPU
		{54EBB9FE-EE10-4E54-951C-CEE7A1D7F1D6}.Release|x86.ActiveCfg = Release|Any CPU
		{54EBB9FE-EE10-4E54-951C-CEE7A1D7F1D6}.Release|x86.Build.0 = Release|Any CPU
		{51D3A222-CFA0-4D59-9639-59781D9E4C13}.Debug|Any CPU.ActiveCfg = Debug|Any CPU
		{51D3A222-CFA0-4D59-9639-59781D9E4C13}.Debug|Any CPU.Build.0 = Debug|Any CPU
		{51D3A222-CFA0-4D59-9639-59781D9E4C13}.Debug|x64.ActiveCfg = Debug|Any CPU
		{51D3A222-CFA0-4D59-9639-59781D9E4C13}.Debug|x64.Build.0 = Debug|Any CPU
		{51D3A222-CFA0-4D59-9639-59781D9E4C13}.Debug|x86.ActiveCfg = Debug|Any CPU
		{51D3A222-CFA0-4D59-9639-59781D9E4C13}.Debug|x86.Build.0 = Debug|Any CPU
		{51D3A222-CFA0-4D59-9639-59781D9E4C13}.Release|Any CPU.ActiveCfg = Release|Any CPU
		{51D3A222-CFA0-4D59-9639-59781D9E4C13}.Release|Any CPU.Build.0 = Release|Any CPU
		{51D3A222-CFA0-4D59-9639-59781D9E4C13}.Release|x64.ActiveCfg = Release|Any CPU
		{51D3A222-CFA0-4D59-9639-59781D9E4C13}.Release|x64.Build.0 = Release|Any CPU
		{51D3A222-CFA0-4D59-9639-59781D9E4C13}.Release|x86.ActiveCfg = Release|Any CPU
		{51D3A222-CFA0-4D59-9639-59781D9E4C13}.Release|x86.Build.0 = Release|Any CPU
		{B68C739A-E9EB-4F69-BFCA-3EDA3BEE8F02}.Debug|Any CPU.ActiveCfg = Debug|Any CPU
		{B68C739A-E9EB-4F69-BFCA-3EDA3BEE8F02}.Debug|Any CPU.Build.0 = Debug|Any CPU
		{B68C739A-E9EB-4F69-BFCA-3EDA3BEE8F02}.Debug|x64.ActiveCfg = Debug|Any CPU
		{B68C739A-E9EB-4F69-BFCA-3EDA3BEE8F02}.Debug|x64.Build.0 = Debug|Any CPU
		{B68C739A-E9EB-4F69-BFCA-3EDA3BEE8F02}.Debug|x86.ActiveCfg = Debug|Any CPU
		{B68C739A-E9EB-4F69-BFCA-3EDA3BEE8F02}.Debug|x86.Build.0 = Debug|Any CPU
		{B68C739A-E9EB-4F69-BFCA-3EDA3BEE8F02}.Release|Any CPU.ActiveCfg = Release|Any CPU
		{B68C739A-E9EB-4F69-BFCA-3EDA3BEE8F02}.Release|Any CPU.Build.0 = Release|Any CPU
		{B68C739A-E9EB-4F69-BFCA-3EDA3BEE8F02}.Release|x64.ActiveCfg = Release|Any CPU
		{B68C739A-E9EB-4F69-BFCA-3EDA3BEE8F02}.Release|x64.Build.0 = Release|Any CPU
		{B68C739A-E9EB-4F69-BFCA-3EDA3BEE8F02}.Release|x86.ActiveCfg = Release|Any CPU
		{B68C739A-E9EB-4F69-BFCA-3EDA3BEE8F02}.Release|x86.Build.0 = Release|Any CPU
		{F15E767F-2F47-44BF-B739-CC13F32FBEC7}.Debug|Any CPU.ActiveCfg = Debug|Any CPU
		{F15E767F-2F47-44BF-B739-CC13F32FBEC7}.Debug|Any CPU.Build.0 = Debug|Any CPU
		{F15E767F-2F47-44BF-B739-CC13F32FBEC7}.Debug|x64.ActiveCfg = Debug|Any CPU
		{F15E767F-2F47-44BF-B739-CC13F32FBEC7}.Debug|x64.Build.0 = Debug|Any CPU
		{F15E767F-2F47-44BF-B739-CC13F32FBEC7}.Debug|x86.ActiveCfg = Debug|Any CPU
		{F15E767F-2F47-44BF-B739-CC13F32FBEC7}.Debug|x86.Build.0 = Debug|Any CPU
		{F15E767F-2F47-44BF-B739-CC13F32FBEC7}.Release|Any CPU.ActiveCfg = Release|Any CPU
		{F15E767F-2F47-44BF-B739-CC13F32FBEC7}.Release|Any CPU.Build.0 = Release|Any CPU
		{F15E767F-2F47-44BF-B739-CC13F32FBEC7}.Release|x64.ActiveCfg = Release|Any CPU
		{F15E767F-2F47-44BF-B739-CC13F32FBEC7}.Release|x64.Build.0 = Release|Any CPU
		{F15E767F-2F47-44BF-B739-CC13F32FBEC7}.Release|x86.ActiveCfg = Release|Any CPU
		{F15E767F-2F47-44BF-B739-CC13F32FBEC7}.Release|x86.Build.0 = Release|Any CPU
		{AE8062FE-AF03-45B7-8C8A-1A6D488B5509}.Debug|Any CPU.ActiveCfg = Debug|Any CPU
		{AE8062FE-AF03-45B7-8C8A-1A6D488B5509}.Debug|Any CPU.Build.0 = Debug|Any CPU
		{AE8062FE-AF03-45B7-8C8A-1A6D488B5509}.Debug|x64.ActiveCfg = Debug|Any CPU
		{AE8062FE-AF03-45B7-8C8A-1A6D488B5509}.Debug|x64.Build.0 = Debug|Any CPU
		{AE8062FE-AF03-45B7-8C8A-1A6D488B5509}.Debug|x86.ActiveCfg = Debug|Any CPU
		{AE8062FE-AF03-45B7-8C8A-1A6D488B5509}.Debug|x86.Build.0 = Debug|Any CPU
		{AE8062FE-AF03-45B7-8C8A-1A6D488B5509}.Release|Any CPU.ActiveCfg = Release|Any CPU
		{AE8062FE-AF03-45B7-8C8A-1A6D488B5509}.Release|Any CPU.Build.0 = Release|Any CPU
		{AE8062FE-AF03-45B7-8C8A-1A6D488B5509}.Release|x64.ActiveCfg = Release|Any CPU
		{AE8062FE-AF03-45B7-8C8A-1A6D488B5509}.Release|x64.Build.0 = Release|Any CPU
		{AE8062FE-AF03-45B7-8C8A-1A6D488B5509}.Release|x86.ActiveCfg = Release|Any CPU
		{AE8062FE-AF03-45B7-8C8A-1A6D488B5509}.Release|x86.Build.0 = Release|Any CPU
		{16F1081E-80E9-41F7-B097-97583C101E7A}.Debug|Any CPU.ActiveCfg = Debug|Any CPU
		{16F1081E-80E9-41F7-B097-97583C101E7A}.Debug|Any CPU.Build.0 = Debug|Any CPU
		{16F1081E-80E9-41F7-B097-97583C101E7A}.Debug|x64.ActiveCfg = Debug|Any CPU
		{16F1081E-80E9-41F7-B097-97583C101E7A}.Debug|x64.Build.0 = Debug|Any CPU
		{16F1081E-80E9-41F7-B097-97583C101E7A}.Debug|x86.ActiveCfg = Debug|Any CPU
		{16F1081E-80E9-41F7-B097-97583C101E7A}.Debug|x86.Build.0 = Debug|Any CPU
		{16F1081E-80E9-41F7-B097-97583C101E7A}.Release|Any CPU.ActiveCfg = Release|Any CPU
		{16F1081E-80E9-41F7-B097-97583C101E7A}.Release|Any CPU.Build.0 = Release|Any CPU
		{16F1081E-80E9-41F7-B097-97583C101E7A}.Release|x64.ActiveCfg = Release|Any CPU
		{16F1081E-80E9-41F7-B097-97583C101E7A}.Release|x64.Build.0 = Release|Any CPU
		{16F1081E-80E9-41F7-B097-97583C101E7A}.Release|x86.ActiveCfg = Release|Any CPU
		{16F1081E-80E9-41F7-B097-97583C101E7A}.Release|x86.Build.0 = Release|Any CPU
		{5928F17E-90A4-42B8-B72D-6337B77C59A5}.Debug|Any CPU.ActiveCfg = Debug|Any CPU
		{5928F17E-90A4-42B8-B72D-6337B77C59A5}.Debug|Any CPU.Build.0 = Debug|Any CPU
		{5928F17E-90A4-42B8-B72D-6337B77C59A5}.Debug|x64.ActiveCfg = Debug|Any CPU
		{5928F17E-90A4-42B8-B72D-6337B77C59A5}.Debug|x64.Build.0 = Debug|Any CPU
		{5928F17E-90A4-42B8-B72D-6337B77C59A5}.Debug|x86.ActiveCfg = Debug|Any CPU
		{5928F17E-90A4-42B8-B72D-6337B77C59A5}.Debug|x86.Build.0 = Debug|Any CPU
		{5928F17E-90A4-42B8-B72D-6337B77C59A5}.Release|Any CPU.ActiveCfg = Release|Any CPU
		{5928F17E-90A4-42B8-B72D-6337B77C59A5}.Release|Any CPU.Build.0 = Release|Any CPU
		{5928F17E-90A4-42B8-B72D-6337B77C59A5}.Release|x64.ActiveCfg = Release|Any CPU
		{5928F17E-90A4-42B8-B72D-6337B77C59A5}.Release|x64.Build.0 = Release|Any CPU
		{5928F17E-90A4-42B8-B72D-6337B77C59A5}.Release|x86.ActiveCfg = Release|Any CPU
		{5928F17E-90A4-42B8-B72D-6337B77C59A5}.Release|x86.Build.0 = Release|Any CPU
		{BAAE12A2-8EBD-4C1B-8720-2E88AF585C7F}.Debug|Any CPU.ActiveCfg = Debug|Any CPU
		{BAAE12A2-8EBD-4C1B-8720-2E88AF585C7F}.Debug|Any CPU.Build.0 = Debug|Any CPU
		{BAAE12A2-8EBD-4C1B-8720-2E88AF585C7F}.Debug|x64.ActiveCfg = Debug|Any CPU
		{BAAE12A2-8EBD-4C1B-8720-2E88AF585C7F}.Debug|x64.Build.0 = Debug|Any CPU
		{BAAE12A2-8EBD-4C1B-8720-2E88AF585C7F}.Debug|x86.ActiveCfg = Debug|Any CPU
		{BAAE12A2-8EBD-4C1B-8720-2E88AF585C7F}.Debug|x86.Build.0 = Debug|Any CPU
		{BAAE12A2-8EBD-4C1B-8720-2E88AF585C7F}.Release|Any CPU.ActiveCfg = Release|Any CPU
		{BAAE12A2-8EBD-4C1B-8720-2E88AF585C7F}.Release|Any CPU.Build.0 = Release|Any CPU
		{BAAE12A2-8EBD-4C1B-8720-2E88AF585C7F}.Release|x64.ActiveCfg = Release|Any CPU
		{BAAE12A2-8EBD-4C1B-8720-2E88AF585C7F}.Release|x64.Build.0 = Release|Any CPU
		{BAAE12A2-8EBD-4C1B-8720-2E88AF585C7F}.Release|x86.ActiveCfg = Release|Any CPU
		{BAAE12A2-8EBD-4C1B-8720-2E88AF585C7F}.Release|x86.Build.0 = Release|Any CPU
		{8779F969-BBC1-4CCC-AD03-812DCBFC687E}.Debug|Any CPU.ActiveCfg = Debug|Any CPU
		{8779F969-BBC1-4CCC-AD03-812DCBFC687E}.Debug|Any CPU.Build.0 = Debug|Any CPU
		{8779F969-BBC1-4CCC-AD03-812DCBFC687E}.Debug|x64.ActiveCfg = Debug|Any CPU
		{8779F969-BBC1-4CCC-AD03-812DCBFC687E}.Debug|x64.Build.0 = Debug|Any CPU
		{8779F969-BBC1-4CCC-AD03-812DCBFC687E}.Debug|x86.ActiveCfg = Debug|Any CPU
		{8779F969-BBC1-4CCC-AD03-812DCBFC687E}.Debug|x86.Build.0 = Debug|Any CPU
		{8779F969-BBC1-4CCC-AD03-812DCBFC687E}.Release|Any CPU.ActiveCfg = Release|Any CPU
		{8779F969-BBC1-4CCC-AD03-812DCBFC687E}.Release|Any CPU.Build.0 = Release|Any CPU
		{8779F969-BBC1-4CCC-AD03-812DCBFC687E}.Release|x64.ActiveCfg = Release|Any CPU
		{8779F969-BBC1-4CCC-AD03-812DCBFC687E}.Release|x64.Build.0 = Release|Any CPU
		{8779F969-BBC1-4CCC-AD03-812DCBFC687E}.Release|x86.ActiveCfg = Release|Any CPU
		{8779F969-BBC1-4CCC-AD03-812DCBFC687E}.Release|x86.Build.0 = Release|Any CPU
		{7309982D-BA2D-4695-933C-B91159D77819}.Debug|Any CPU.ActiveCfg = Debug|Any CPU
		{7309982D-BA2D-4695-933C-B91159D77819}.Debug|Any CPU.Build.0 = Debug|Any CPU
		{7309982D-BA2D-4695-933C-B91159D77819}.Debug|x64.ActiveCfg = Debug|Any CPU
		{7309982D-BA2D-4695-933C-B91159D77819}.Debug|x64.Build.0 = Debug|Any CPU
		{7309982D-BA2D-4695-933C-B91159D77819}.Debug|x86.ActiveCfg = Debug|Any CPU
		{7309982D-BA2D-4695-933C-B91159D77819}.Debug|x86.Build.0 = Debug|Any CPU
		{7309982D-BA2D-4695-933C-B91159D77819}.Release|Any CPU.ActiveCfg = Release|Any CPU
		{7309982D-BA2D-4695-933C-B91159D77819}.Release|Any CPU.Build.0 = Release|Any CPU
		{7309982D-BA2D-4695-933C-B91159D77819}.Release|x64.ActiveCfg = Release|Any CPU
		{7309982D-BA2D-4695-933C-B91159D77819}.Release|x64.Build.0 = Release|Any CPU
		{7309982D-BA2D-4695-933C-B91159D77819}.Release|x86.ActiveCfg = Release|Any CPU
		{7309982D-BA2D-4695-933C-B91159D77819}.Release|x86.Build.0 = Release|Any CPU
		{0AB7F872-4AA8-4B1A-A5D3-2F6AB6DD4B64}.Debug|Any CPU.ActiveCfg = Debug|Any CPU
		{0AB7F872-4AA8-4B1A-A5D3-2F6AB6DD4B64}.Debug|Any CPU.Build.0 = Debug|Any CPU
		{0AB7F872-4AA8-4B1A-A5D3-2F6AB6DD4B64}.Debug|x64.ActiveCfg = Debug|Any CPU
		{0AB7F872-4AA8-4B1A-A5D3-2F6AB6DD4B64}.Debug|x64.Build.0 = Debug|Any CPU
		{0AB7F872-4AA8-4B1A-A5D3-2F6AB6DD4B64}.Debug|x86.ActiveCfg = Debug|Any CPU
		{0AB7F872-4AA8-4B1A-A5D3-2F6AB6DD4B64}.Debug|x86.Build.0 = Debug|Any CPU
		{0AB7F872-4AA8-4B1A-A5D3-2F6AB6DD4B64}.Release|Any CPU.ActiveCfg = Release|Any CPU
		{0AB7F872-4AA8-4B1A-A5D3-2F6AB6DD4B64}.Release|Any CPU.Build.0 = Release|Any CPU
		{0AB7F872-4AA8-4B1A-A5D3-2F6AB6DD4B64}.Release|x64.ActiveCfg = Release|Any CPU
		{0AB7F872-4AA8-4B1A-A5D3-2F6AB6DD4B64}.Release|x64.Build.0 = Release|Any CPU
		{0AB7F872-4AA8-4B1A-A5D3-2F6AB6DD4B64}.Release|x86.ActiveCfg = Release|Any CPU
		{0AB7F872-4AA8-4B1A-A5D3-2F6AB6DD4B64}.Release|x86.Build.0 = Release|Any CPU
	EndGlobalSection
	GlobalSection(SolutionProperties) = preSolution
		HideSolutionNode = FALSE
	EndGlobalSection
	GlobalSection(NestedProjects) = preSolution
		{2F1A53B0-4B4B-49B6-931F-486E5D8026B6} = {827E0CD3-B72D-47B6-A68D-7590B98EB39B}
		{469E927F-6557-479B-BA79-C79317B15593} = {827E0CD3-B72D-47B6-A68D-7590B98EB39B}
		{046BDA9C-8231-4D5C-9B37-79A2BAE30798} = {827E0CD3-B72D-47B6-A68D-7590B98EB39B}
		{534B5DDF-13CF-456A-AAE1-837C646299C5} = {827E0CD3-B72D-47B6-A68D-7590B98EB39B}
		{733EB9CA-A46D-4455-AA24-4E9A39053DA6} = {827E0CD3-B72D-47B6-A68D-7590B98EB39B}
		{0844778B-B54F-4ACC-BA20-00980E2E5816} = {0AB3BF05-4346-4AA6-1389-037BE0695223}
		{EDC44530-1BFE-4EE0-B404-FEA49FA1F4B4} = {5D20AA90-6969-D8BD-9DCD-8634F4692FDA}
		{01E5556B-F7E2-4D0F-929B-8D721DD4C339} = {827E0CD3-B72D-47B6-A68D-7590B98EB39B}
		{D0A58A93-C5FA-45D9-909F-C183DF575FF7} = {5D20AA90-6969-D8BD-9DCD-8634F4692FDA}
		{A2D952B5-3D91-4212-AA94-E973E07BC832} = {5D20AA90-6969-D8BD-9DCD-8634F4692FDA}
		{F3B592E5-1D70-45B9-9078-8C9D0458864C} = {827E0CD3-B72D-47B6-A68D-7590B98EB39B}
		{6DBDEDB5-CF39-4ADB-95F8-5EF1BBC33EA5} = {827E0CD3-B72D-47B6-A68D-7590B98EB39B}
		{365D29CE-9120-4514-8D6D-7411EF1ED4C4} = {827E0CD3-B72D-47B6-A68D-7590B98EB39B}
		{06B81902-C8CC-41A0-8E4E-9F06C680B03D} = {827E0CD3-B72D-47B6-A68D-7590B98EB39B}
		{6D5DA525-B90A-4265-BB77-57DBC991EB78} = {827E0CD3-B72D-47B6-A68D-7590B98EB39B}
		{9105F337-C51B-4FEF-854D-EAC80A56E013} = {5D20AA90-6969-D8BD-9DCD-8634F4692FDA}
		{54EBB9FE-EE10-4E54-951C-CEE7A1D7F1D6} = {827E0CD3-B72D-47B6-A68D-7590B98EB39B}
		{51D3A222-CFA0-4D59-9639-59781D9E4C13} = {827E0CD3-B72D-47B6-A68D-7590B98EB39B}
		{B68C739A-E9EB-4F69-BFCA-3EDA3BEE8F02} = {5D20AA90-6969-D8BD-9DCD-8634F4692FDA}
		{F15E767F-2F47-44BF-B739-CC13F32FBEC7} = {5D20AA90-6969-D8BD-9DCD-8634F4692FDA}
		{6C5222EF-7E1E-1A11-42FE-7246F4FFC38D} = {5D20AA90-6969-D8BD-9DCD-8634F4692FDA}
		{AE8062FE-AF03-45B7-8C8A-1A6D488B5509} = {6C5222EF-7E1E-1A11-42FE-7246F4FFC38D}
		{16F1081E-80E9-41F7-B097-97583C101E7A} = {5D20AA90-6969-D8BD-9DCD-8634F4692FDA}
		{5928F17E-90A4-42B8-B72D-6337B77C59A5} = {5D20AA90-6969-D8BD-9DCD-8634F4692FDA}
		{BAAE12A2-8EBD-4C1B-8720-2E88AF585C7F} = {5D20AA90-6969-D8BD-9DCD-8634F4692FDA}
		{8779F969-BBC1-4CCC-AD03-812DCBFC687E} = {827E0CD3-B72D-47B6-A68D-7590B98EB39B}
		{7309982D-BA2D-4695-933C-B91159D77819} = {827E0CD3-B72D-47B6-A68D-7590B98EB39B}
		{0AB7F872-4AA8-4B1A-A5D3-2F6AB6DD4B64} = {827E0CD3-B72D-47B6-A68D-7590B98EB39B}
	EndGlobalSection
EndGlobal
